// !$*UTF8*$!
{
	archiveVersion = 1;
	classes = {
	};
	objectVersion = 50;
	objects = {

/* Begin PBXBuildFile section */
		C2138ED320D1890E00678C34 /* theicon_t.png in Resources */ = {isa = PBXBuildFile; fileRef = C2138ED220D1890E00678C34 /* theicon_t.png */; };
		C2138ED520D189DF00678C34 /* theicon_t_1024.png in Resources */ = {isa = PBXBuildFile; fileRef = C2138ED420D189DF00678C34 /* theicon_t_1024.png */; };
		C2138ED720D1AD8A00678C34 /* EnterNicknameCAVC.swift in Sources */ = {isa = PBXBuildFile; fileRef = C2138ED620D1AD8A00678C34 /* EnterNicknameCAVC.swift */; };
		C2138ED920D1AD9D00678C34 /* EnterNicknameCAVCDelegate.swift in Sources */ = {isa = PBXBuildFile; fileRef = C2138ED820D1AD9D00678C34 /* EnterNicknameCAVCDelegate.swift */; };
		C21578AE20CD2801008C20CA /* CustomAlertViewVC.swift in Sources */ = {isa = PBXBuildFile; fileRef = C21578AD20CD2801008C20CA /* CustomAlertViewVC.swift */; };
		C21578B020CD3235008C20CA /* CustomAlertViewDelegate.swift in Sources */ = {isa = PBXBuildFile; fileRef = C21578AF20CD3235008C20CA /* CustomAlertViewDelegate.swift */; };
		C217F21720CAFDE200C18F82 /* AppDelegate.swift in Sources */ = {isa = PBXBuildFile; fileRef = C217F21620CAFDE200C18F82 /* AppDelegate.swift */; };
		C217F21920CAFDE200C18F82 /* ViewController.swift in Sources */ = {isa = PBXBuildFile; fileRef = C217F21820CAFDE200C18F82 /* ViewController.swift */; };
		C217F21C20CAFDE200C18F82 /* Main.storyboard in Resources */ = {isa = PBXBuildFile; fileRef = C217F21A20CAFDE200C18F82 /* Main.storyboard */; };
		C217F21E20CAFDE400C18F82 /* Assets.xcassets in Resources */ = {isa = PBXBuildFile; fileRef = C217F21D20CAFDE400C18F82 /* Assets.xcassets */; };
		C217F22120CAFDE400C18F82 /* LaunchScreen.storyboard in Resources */ = {isa = PBXBuildFile; fileRef = C217F21F20CAFDE400C18F82 /* LaunchScreen.storyboard */; };
		C217F22A20CAFF0200C18F82 /* CoreBluetooth.framework in Frameworks */ = {isa = PBXBuildFile; fileRef = C217F22920CAFF0200C18F82 /* CoreBluetooth.framework */; };
		C217F22D20CB005E00C18F82 /* Device.swift in Sources */ = {isa = PBXBuildFile; fileRef = C217F22C20CB005E00C18F82 /* Device.swift */; };
		C217F23020CB09B300C18F82 /* Constants.swift in Sources */ = {isa = PBXBuildFile; fileRef = C217F22F20CB09B300C18F82 /* Constants.swift */; };
		C217F23220CB0A2D00C18F82 /* UserData.swift in Sources */ = {isa = PBXBuildFile; fileRef = C217F23120CB0A2D00C18F82 /* UserData.swift */; };
		C22AE7FC20D0222B002E704F /* AVFoundation.framework in Frameworks */ = {isa = PBXBuildFile; fileRef = C22AE7FB20D0222B002E704F /* AVFoundation.framework */; };
		C22AE7FF20D024A7002E704F /* Ping.wav in Resources */ = {isa = PBXBuildFile; fileRef = C22AE7FE20D024A7002E704F /* Ping.wav */; };
		C22AE80120D0267C002E704F /* Correct.mp3 in Resources */ = {isa = PBXBuildFile; fileRef = C22AE80020D0267C002E704F /* Correct.mp3 */; };
		C22AE80320D02C19002E704F /* Beep.wav in Resources */ = {isa = PBXBuildFile; fileRef = C22AE80220D02C19002E704F /* Beep.wav */; };
		C22AE80820D060EC002E704F /* Arrow_Red_right.png in Resources */ = {isa = PBXBuildFile; fileRef = C22AE80420D060EB002E704F /* Arrow_Red_right.png */; };
		C22AE80920D060EC002E704F /* Arrow_Red_down.png in Resources */ = {isa = PBXBuildFile; fileRef = C22AE80520D060EB002E704F /* Arrow_Red_down.png */; };
		C22AE80A20D060EC002E704F /* Arrow_Red_left.png in Resources */ = {isa = PBXBuildFile; fileRef = C22AE80620D060EC002E704F /* Arrow_Red_left.png */; };
		C22AE80B20D060EC002E704F /* Arrow_Red_up.png in Resources */ = {isa = PBXBuildFile; fileRef = C22AE80720D060EC002E704F /* Arrow_Red_up.png */; };
		C251E01320CBCF9500E4FEFF /* ControlVC.swift in Sources */ = {isa = PBXBuildFile; fileRef = C251E01220CBCF9500E4FEFF /* ControlVC.swift */; };
/* End PBXBuildFile section */

/* Begin PBXFileReference section */
		C2138ED220D1890E00678C34 /* theicon_t.png */ = {isa = PBXFileReference; lastKnownFileType = image.png; path = theicon_t.png; sourceTree = "<group>"; };
		C2138ED420D189DF00678C34 /* theicon_t_1024.png */ = {isa = PBXFileReference; lastKnownFileType = image.png; path = theicon_t_1024.png; sourceTree = "<group>"; };
		C2138ED620D1AD8A00678C34 /* EnterNicknameCAVC.swift */ = {isa = PBXFileReference; lastKnownFileType = sourcecode.swift; path = EnterNicknameCAVC.swift; sourceTree = "<group>"; };
		C2138ED820D1AD9D00678C34 /* EnterNicknameCAVCDelegate.swift */ = {isa = PBXFileReference; lastKnownFileType = sourcecode.swift; path = EnterNicknameCAVCDelegate.swift; sourceTree = "<group>"; };
		C21578AD20CD2801008C20CA /* CustomAlertViewVC.swift */ = {isa = PBXFileReference; lastKnownFileType = sourcecode.swift; path = CustomAlertViewVC.swift; sourceTree = "<group>"; };
		C21578AF20CD3235008C20CA /* CustomAlertViewDelegate.swift */ = {isa = PBXFileReference; lastKnownFileType = sourcecode.swift; path = CustomAlertViewDelegate.swift; sourceTree = "<group>"; };
		C217F21320CAFDE200C18F82 /* Titlz.app */ = {isa = PBXFileReference; explicitFileType = wrapper.application; includeInIndex = 0; path = Titlz.app; sourceTree = BUILT_PRODUCTS_DIR; };
		C217F21620CAFDE200C18F82 /* AppDelegate.swift */ = {isa = PBXFileReference; lastKnownFileType = sourcecode.swift; path = AppDelegate.swift; sourceTree = "<group>"; };
		C217F21820CAFDE200C18F82 /* ViewController.swift */ = {isa = PBXFileReference; lastKnownFileType = sourcecode.swift; path = ViewController.swift; sourceTree = "<group>"; };
		C217F21B20CAFDE200C18F82 /* Base */ = {isa = PBXFileReference; lastKnownFileType = file.storyboard; name = Base; path = Base.lproj/Main.storyboard; sourceTree = "<group>"; };
		C217F21D20CAFDE400C18F82 /* Assets.xcassets */ = {isa = PBXFileReference; lastKnownFileType = folder.assetcatalog; path = Assets.xcassets; sourceTree = "<group>"; };
		C217F22020CAFDE400C18F82 /* Base */ = {isa = PBXFileReference; lastKnownFileType = file.storyboard; name = Base; path = Base.lproj/LaunchScreen.storyboard; sourceTree = "<group>"; };
		C217F22220CAFDE400C18F82 /* Info.plist */ = {isa = PBXFileReference; lastKnownFileType = text.plist.xml; path = Info.plist; sourceTree = "<group>"; };
		C217F22920CAFF0200C18F82 /* CoreBluetooth.framework */ = {isa = PBXFileReference; lastKnownFileType = wrapper.framework; name = CoreBluetooth.framework; path = System/Library/Frameworks/CoreBluetooth.framework; sourceTree = SDKROOT; };
		C217F22C20CB005E00C18F82 /* Device.swift */ = {isa = PBXFileReference; lastKnownFileType = sourcecode.swift; path = Device.swift; sourceTree = "<group>"; };
		C217F22F20CB09B300C18F82 /* Constants.swift */ = {isa = PBXFileReference; lastKnownFileType = sourcecode.swift; path = Constants.swift; sourceTree = "<group>"; };
		C217F23120CB0A2D00C18F82 /* UserData.swift */ = {isa = PBXFileReference; lastKnownFileType = sourcecode.swift; path = UserData.swift; sourceTree = "<group>"; };
		C22AE7FB20D0222B002E704F /* AVFoundation.framework */ = {isa = PBXFileReference; lastKnownFileType = wrapper.framework; name = AVFoundation.framework; path = System/Library/Frameworks/AVFoundation.framework; sourceTree = SDKROOT; };
		C22AE7FE20D024A7002E704F /* Ping.wav */ = {isa = PBXFileReference; lastKnownFileType = audio.wav; path = Ping.wav; sourceTree = "<group>"; };
		C22AE80020D0267C002E704F /* Correct.mp3 */ = {isa = PBXFileReference; lastKnownFileType = audio.mp3; path = Correct.mp3; sourceTree = "<group>"; };
		C22AE80220D02C19002E704F /* Beep.wav */ = {isa = PBXFileReference; lastKnownFileType = audio.wav; path = Beep.wav; sourceTree = "<group>"; };
		C22AE80420D060EB002E704F /* Arrow_Red_right.png */ = {isa = PBXFileReference; lastKnownFileType = image.png; path = Arrow_Red_right.png; sourceTree = "<group>"; };
		C22AE80520D060EB002E704F /* Arrow_Red_down.png */ = {isa = PBXFileReference; lastKnownFileType = image.png; path = Arrow_Red_down.png; sourceTree = "<group>"; };
		C22AE80620D060EC002E704F /* Arrow_Red_left.png */ = {isa = PBXFileReference; lastKnownFileType = image.png; path = Arrow_Red_left.png; sourceTree = "<group>"; };
		C22AE80720D060EC002E704F /* Arrow_Red_up.png */ = {isa = PBXFileReference; lastKnownFileType = image.png; path = Arrow_Red_up.png; sourceTree = "<group>"; };
		C251E01220CBCF9500E4FEFF /* ControlVC.swift */ = {isa = PBXFileReference; lastKnownFileType = sourcecode.swift; path = ControlVC.swift; sourceTree = "<group>"; };
/* End PBXFileReference section */

/* Begin PBXFrameworksBuildPhase section */
		C217F21020CAFDE200C18F82 /* Frameworks */ = {
			isa = PBXFrameworksBuildPhase;
			buildActionMask = 2147483647;
			files = (
				C22AE7FC20D0222B002E704F /* AVFoundation.framework in Frameworks */,
				C217F22A20CAFF0200C18F82 /* CoreBluetooth.framework in Frameworks */,
			);
			runOnlyForDeploymentPostprocessing = 0;
		};
/* End PBXFrameworksBuildPhase section */

/* Begin PBXGroup section */
		C217F20A20CAFDE200C18F82 = {
			isa = PBXGroup;
			children = (
				C217F21520CAFDE200C18F82 /* Titlz */,
				C217F21420CAFDE200C18F82 /* Products */,
				C217F22820CAFF0200C18F82 /* Frameworks */,
			);
			sourceTree = "<group>";
		};
		C217F21420CAFDE200C18F82 /* Products */ = {
			isa = PBXGroup;
			children = (
				C217F21320CAFDE200C18F82 /* Titlz.app */,
			);
			name = Products;
			sourceTree = "<group>";
		};
		C217F21520CAFDE200C18F82 /* Titlz */ = {
			isa = PBXGroup;
			children = (
				C22AE7FD20D023DF002E704F /* Sounds */,
				C251E01420CC5F3000E4FEFF /* Images */,
				C217F22E20CB099C00C18F82 /* Constants */,
				C217F22B20CB004200C18F82 /* Models */,
				C217F21620CAFDE200C18F82 /* AppDelegate.swift */,
				C217F21820CAFDE200C18F82 /* ViewController.swift */,
				C217F21A20CAFDE200C18F82 /* Main.storyboard */,
				C217F21D20CAFDE400C18F82 /* Assets.xcassets */,
				C217F21F20CAFDE400C18F82 /* LaunchScreen.storyboard */,
				C217F22220CAFDE400C18F82 /* Info.plist */,
				C251E01220CBCF9500E4FEFF /* ControlVC.swift */,
				C21578AD20CD2801008C20CA /* CustomAlertViewVC.swift */,
				C21578AF20CD3235008C20CA /* CustomAlertViewDelegate.swift */,
				C2138ED620D1AD8A00678C34 /* EnterNicknameCAVC.swift */,
				C2138ED820D1AD9D00678C34 /* EnterNicknameCAVCDelegate.swift */,
			);
			path = Titlz;
			sourceTree = "<group>";
		};
		C217F22820CAFF0200C18F82 /* Frameworks */ = {
			isa = PBXGroup;
			children = (
				C22AE7FB20D0222B002E704F /* AVFoundation.framework */,
				C217F22920CAFF0200C18F82 /* CoreBluetooth.framework */,
			);
			name = Frameworks;
			sourceTree = "<group>";
		};
		C217F22B20CB004200C18F82 /* Models */ = {
			isa = PBXGroup;
			children = (
				C217F22C20CB005E00C18F82 /* Device.swift */,
				C217F23120CB0A2D00C18F82 /* UserData.swift */,
			);
			path = Models;
			sourceTree = "<group>";
		};
		C217F22E20CB099C00C18F82 /* Constants */ = {
			isa = PBXGroup;
			children = (
				C217F22F20CB09B300C18F82 /* Constants.swift */,
			);
			path = Constants;
			sourceTree = "<group>";
		};
		C22AE7FD20D023DF002E704F /* Sounds */ = {
			isa = PBXGroup;
			children = (
				C22AE80220D02C19002E704F /* Beep.wav */,
				C22AE80020D0267C002E704F /* Correct.mp3 */,
				C22AE7FE20D024A7002E704F /* Ping.wav */,
			);
			path = Sounds;
			sourceTree = "<group>";
		};
		C251E01420CC5F3000E4FEFF /* Images */ = {
			isa = PBXGroup;
			children = (
				C2138ED420D189DF00678C34 /* theicon_t_1024.png */,
				C2138ED220D1890E00678C34 /* theicon_t.png */,
				C22AE80520D060EB002E704F /* Arrow_Red_down.png */,
				C22AE80620D060EC002E704F /* Arrow_Red_left.png */,
				C22AE80420D060EB002E704F /* Arrow_Red_right.png */,
				C22AE80720D060EC002E704F /* Arrow_Red_up.png */,
			);
			path = Images;
			sourceTree = "<group>";
		};
/* End PBXGroup section */

/* Begin PBXNativeTarget section */
		C217F21220CAFDE200C18F82 /* Titlz */ = {
			isa = PBXNativeTarget;
			buildConfigurationList = C217F22520CAFDE400C18F82 /* Build configuration list for PBXNativeTarget "Titlz" */;
			buildPhases = (
				C217F20F20CAFDE200C18F82 /* Sources */,
				C217F21020CAFDE200C18F82 /* Frameworks */,
				C217F21120CAFDE200C18F82 /* Resources */,
			);
			buildRules = (
			);
			dependencies = (
			);
			name = Titlz;
			productName = Titlz;
			productReference = C217F21320CAFDE200C18F82 /* Titlz.app */;
			productType = "com.apple.product-type.application";
		};
/* End PBXNativeTarget section */

/* Begin PBXProject section */
		C217F20B20CAFDE200C18F82 /* Project object */ = {
			isa = PBXProject;
			attributes = {
				LastSwiftUpdateCheck = 0930;
				LastUpgradeCheck = 0930;
				ORGANIZATIONNAME = "Kobus Swart";
				TargetAttributes = {
					C217F21220CAFDE200C18F82 = {
						CreatedOnToolsVersion = 9.3;
						SystemCapabilities = {
							com.apple.BackgroundModes = {
								enabled = 1;
							};
						};
					};
				};
			};
			buildConfigurationList = C217F20E20CAFDE200C18F82 /* Build configuration list for PBXProject "Titlz" */;
			compatibilityVersion = "Xcode 9.3";
			developmentRegion = en;
			hasScannedForEncodings = 0;
			knownRegions = (
				en,
				Base,
			);
			mainGroup = C217F20A20CAFDE200C18F82;
			productRefGroup = C217F21420CAFDE200C18F82 /* Products */;
			projectDirPath = "";
			projectRoot = "";
			targets = (
				C217F21220CAFDE200C18F82 /* Titlz */,
			);
		};
/* End PBXProject section */

/* Begin PBXResourcesBuildPhase section */
		C217F21120CAFDE200C18F82 /* Resources */ = {
			isa = PBXResourcesBuildPhase;
			buildActionMask = 2147483647;
			files = (
				C2138ED520D189DF00678C34 /* theicon_t_1024.png in Resources */,
				C22AE80B20D060EC002E704F /* Arrow_Red_up.png in Resources */,
				C22AE7FF20D024A7002E704F /* Ping.wav in Resources */,
				C2138ED320D1890E00678C34 /* theicon_t.png in Resources */,
				C22AE80120D0267C002E704F /* Correct.mp3 in Resources */,
				C217F22120CAFDE400C18F82 /* LaunchScreen.storyboard in Resources */,
				C22AE80320D02C19002E704F /* Beep.wav in Resources */,
				C217F21E20CAFDE400C18F82 /* Assets.xcassets in Resources */,
				C22AE80820D060EC002E704F /* Arrow_Red_right.png in Resources */,
				C22AE80920D060EC002E704F /* Arrow_Red_down.png in Resources */,
				C22AE80A20D060EC002E704F /* Arrow_Red_left.png in Resources */,
				C217F21C20CAFDE200C18F82 /* Main.storyboard in Resources */,
			);
			runOnlyForDeploymentPostprocessing = 0;
		};
/* End PBXResourcesBuildPhase section */

/* Begin PBXSourcesBuildPhase section */
		C217F20F20CAFDE200C18F82 /* Sources */ = {
			isa = PBXSourcesBuildPhase;
			buildActionMask = 2147483647;
			files = (
				C2138ED920D1AD9D00678C34 /* EnterNicknameCAVCDelegate.swift in Sources */,
				C251E01320CBCF9500E4FEFF /* ControlVC.swift in Sources */,
				C21578B020CD3235008C20CA /* CustomAlertViewDelegate.swift in Sources */,
				C21578AE20CD2801008C20CA /* CustomAlertViewVC.swift in Sources */,
				C2138ED720D1AD8A00678C34 /* EnterNicknameCAVC.swift in Sources */,
				C217F22D20CB005E00C18F82 /* Device.swift in Sources */,
				C217F21920CAFDE200C18F82 /* ViewController.swift in Sources */,
				C217F21720CAFDE200C18F82 /* AppDelegate.swift in Sources */,
				C217F23220CB0A2D00C18F82 /* UserData.swift in Sources */,
				C217F23020CB09B300C18F82 /* Constants.swift in Sources */,
			);
			runOnlyForDeploymentPostprocessing = 0;
		};
/* End PBXSourcesBuildPhase section */

/* Begin PBXVariantGroup section */
		C217F21A20CAFDE200C18F82 /* Main.storyboard */ = {
			isa = PBXVariantGroup;
			children = (
				C217F21B20CAFDE200C18F82 /* Base */,
			);
			name = Main.storyboard;
			sourceTree = "<group>";
		};
		C217F21F20CAFDE400C18F82 /* LaunchScreen.storyboard */ = {
			isa = PBXVariantGroup;
			children = (
				C217F22020CAFDE400C18F82 /* Base */,
			);
			name = LaunchScreen.storyboard;
			sourceTree = "<group>";
		};
/* End PBXVariantGroup section */

/* Begin XCBuildConfiguration section */
		C217F22320CAFDE400C18F82 /* Debug */ = {
			isa = XCBuildConfiguration;
			buildSettings = {
				ALWAYS_SEARCH_USER_PATHS = NO;
				CLANG_ANALYZER_NONNULL = YES;
				CLANG_ANALYZER_NUMBER_OBJECT_CONVERSION = YES_AGGRESSIVE;
				CLANG_CXX_LANGUAGE_STANDARD = "gnu++14";
				CLANG_CXX_LIBRARY = "libc++";
				CLANG_ENABLE_MODULES = YES;
				CLANG_ENABLE_OBJC_ARC = YES;
				CLANG_ENABLE_OBJC_WEAK = YES;
				CLANG_WARN_BLOCK_CAPTURE_AUTORELEASING = YES;
				CLANG_WARN_BOOL_CONVERSION = YES;
				CLANG_WARN_COMMA = YES;
				CLANG_WARN_CONSTANT_CONVERSION = YES;
				CLANG_WARN_DEPRECATED_OBJC_IMPLEMENTATIONS = YES;
				CLANG_WARN_DIRECT_OBJC_ISA_USAGE = YES_ERROR;
				CLANG_WARN_DOCUMENTATION_COMMENTS = YES;
				CLANG_WARN_EMPTY_BODY = YES;
				CLANG_WARN_ENUM_CONVERSION = YES;
				CLANG_WARN_INFINITE_RECURSION = YES;
				CLANG_WARN_INT_CONVERSION = YES;
				CLANG_WARN_NON_LITERAL_NULL_CONVERSION = YES;
				CLANG_WARN_OBJC_IMPLICIT_RETAIN_SELF = YES;
				CLANG_WARN_OBJC_LITERAL_CONVERSION = YES;
				CLANG_WARN_OBJC_ROOT_CLASS = YES_ERROR;
				CLANG_WARN_RANGE_LOOP_ANALYSIS = YES;
				CLANG_WARN_STRICT_PROTOTYPES = YES;
				CLANG_WARN_SUSPICIOUS_MOVE = YES;
				CLANG_WARN_UNGUARDED_AVAILABILITY = YES_AGGRESSIVE;
				CLANG_WARN_UNREACHABLE_CODE = YES;
				CLANG_WARN__DUPLICATE_METHOD_MATCH = YES;
				CODE_SIGN_IDENTITY = "iPhone Developer";
				COPY_PHASE_STRIP = NO;
				DEBUG_INFORMATION_FORMAT = dwarf;
				ENABLE_STRICT_OBJC_MSGSEND = YES;
				ENABLE_TESTABILITY = YES;
				GCC_C_LANGUAGE_STANDARD = gnu11;
				GCC_DYNAMIC_NO_PIC = NO;
				GCC_NO_COMMON_BLOCKS = YES;
				GCC_OPTIMIZATION_LEVEL = 0;
				GCC_PREPROCESSOR_DEFINITIONS = (
					"DEBUG=1",
					"$(inherited)",
				);
				GCC_WARN_64_TO_32_BIT_CONVERSION = YES;
				GCC_WARN_ABOUT_RETURN_TYPE = YES_ERROR;
				GCC_WARN_UNDECLARED_SELECTOR = YES;
				GCC_WARN_UNINITIALIZED_AUTOS = YES_AGGRESSIVE;
				GCC_WARN_UNUSED_FUNCTION = YES;
				GCC_WARN_UNUSED_VARIABLE = YES;
				IPHONEOS_DEPLOYMENT_TARGET = 11.3;
				MTL_ENABLE_DEBUG_INFO = YES;
				ONLY_ACTIVE_ARCH = YES;
				SDKROOT = iphoneos;
				SWIFT_ACTIVE_COMPILATION_CONDITIONS = DEBUG;
				SWIFT_OPTIMIZATION_LEVEL = "-Onone";
			};
			name = Debug;
		};
		C217F22420CAFDE400C18F82 /* Release */ = {
			isa = XCBuildConfiguration;
			buildSettings = {
				ALWAYS_SEARCH_USER_PATHS = NO;
				CLANG_ANALYZER_NONNULL = YES;
				CLANG_ANALYZER_NUMBER_OBJECT_CONVERSION = YES_AGGRESSIVE;
				CLANG_CXX_LANGUAGE_STANDARD = "gnu++14";
				CLANG_CXX_LIBRARY = "libc++";
				CLANG_ENABLE_MODULES = YES;
				CLANG_ENABLE_OBJC_ARC = YES;
				CLANG_ENABLE_OBJC_WEAK = YES;
				CLANG_WARN_BLOCK_CAPTURE_AUTORELEASING = YES;
				CLANG_WARN_BOOL_CONVERSION = YES;
				CLANG_WARN_COMMA = YES;
				CLANG_WARN_CONSTANT_CONVERSION = YES;
				CLANG_WARN_DEPRECATED_OBJC_IMPLEMENTATIONS = YES;
				CLANG_WARN_DIRECT_OBJC_ISA_USAGE = YES_ERROR;
				CLANG_WARN_DOCUMENTATION_COMMENTS = YES;
				CLANG_WARN_EMPTY_BODY = YES;
				CLANG_WARN_ENUM_CONVERSION = YES;
				CLANG_WARN_INFINITE_RECURSION = YES;
				CLANG_WARN_INT_CONVERSION = YES;
				CLANG_WARN_NON_LITERAL_NULL_CONVERSION = YES;
				CLANG_WARN_OBJC_IMPLICIT_RETAIN_SELF = YES;
				CLANG_WARN_OBJC_LITERAL_CONVERSION = YES;
				CLANG_WARN_OBJC_ROOT_CLASS = YES_ERROR;
				CLANG_WARN_RANGE_LOOP_ANALYSIS = YES;
				CLANG_WARN_STRICT_PROTOTYPES = YES;
				CLANG_WARN_SUSPICIOUS_MOVE = YES;
				CLANG_WARN_UNGUARDED_AVAILABILITY = YES_AGGRESSIVE;
				CLANG_WARN_UNREACHABLE_CODE = YES;
				CLANG_WARN__DUPLICATE_METHOD_MATCH = YES;
				CODE_SIGN_IDENTITY = "iPhone Developer";
				COPY_PHASE_STRIP = NO;
				DEBUG_INFORMATION_FORMAT = "dwarf-with-dsym";
				ENABLE_NS_ASSERTIONS = NO;
				ENABLE_STRICT_OBJC_MSGSEND = YES;
				GCC_C_LANGUAGE_STANDARD = gnu11;
				GCC_NO_COMMON_BLOCKS = YES;
				GCC_WARN_64_TO_32_BIT_CONVERSION = YES;
				GCC_WARN_ABOUT_RETURN_TYPE = YES_ERROR;
				GCC_WARN_UNDECLARED_SELECTOR = YES;
				GCC_WARN_UNINITIALIZED_AUTOS = YES_AGGRESSIVE;
				GCC_WARN_UNUSED_FUNCTION = YES;
				GCC_WARN_UNUSED_VARIABLE = YES;
				IPHONEOS_DEPLOYMENT_TARGET = 11.3;
				MTL_ENABLE_DEBUG_INFO = NO;
				SDKROOT = iphoneos;
				SWIFT_COMPILATION_MODE = wholemodule;
				SWIFT_OPTIMIZATION_LEVEL = "-O";
				VALIDATE_PRODUCT = YES;
			};
			name = Release;
		};
		C217F22620CAFDE400C18F82 /* Debug */ = {
			isa = XCBuildConfiguration;
			buildSettings = {
				ASSETCATALOG_COMPILER_APPICON_NAME = AppIcon;
				CODE_SIGN_STYLE = Automatic;
				DEVELOPMENT_TEAM = D3QANE3D87;
				INFOPLIST_FILE = Titlz/Info.plist;
				IPHONEOS_DEPLOYMENT_TARGET = 10.2;
				LD_RUNPATH_SEARCH_PATHS = (
					"$(inherited)",
					"@executable_path/Frameworks",
				);
				PRODUCT_BUNDLE_IDENTIFIER = com.kadima.Titlz;
				PRODUCT_NAME = "$(TARGET_NAME)";
				SWIFT_VERSION = 4.0;
				TARGETED_DEVICE_FAMILY = "1,2";
			};
			name = Debug;
		};
		C217F22720CAFDE400C18F82 /* Release */ = {
			isa = XCBuildConfiguration;
			buildSettings = {
				ASSETCATALOG_COMPILER_APPICON_NAME = AppIcon;
				CODE_SIGN_STYLE = Automatic;
				DEVELOPMENT_TEAM = D3QANE3D87;
				INFOPLIST_FILE = Titlz/Info.plist;
				IPHONEOS_DEPLOYMENT_TARGET = 10.2;
				LD_RUNPATH_SEARCH_PATHS = (
					"$(inherited)",
					"@executable_path/Frameworks",
				);
				PRODUCT_BUNDLE_IDENTIFIER = com.kadima.Titlz;
				PRODUCT_NAME = "$(TARGET_NAME)";
				SWIFT_VERSION = 4.0;
				TARGETED_DEVICE_FAMILY = "1,2";
			};
			name = Release;
		};
/* End XCBuildConfiguration section */

/* Begin XCConfigurationList section */
		C217F20E20CAFDE200C18F82 /* Build configuration list for PBXProject "Titlz" */ = {
			isa = XCConfigurationList;
			buildConfigurations = (
				C217F22320CAFDE400C18F82 /* Debug */,
				C217F22420CAFDE400C18F82 /* Release */,
			);
			defaultConfigurationIsVisible = 0;
			defaultConfigurationName = Release;
		};
		C217F22520CAFDE400C18F82 /* Build configuration list for PBXNativeTarget "Titlz" */ = {
			isa = XCConfigurationList;
			buildConfigurations = (
				C217F22620CAFDE400C18F82 /* Debug */,
				C217F22720CAFDE400C18F82 /* Release */,
			);
			defaultConfigurationIsVisible = 0;
			defaultConfigurationName = Release;
		};
/* End XCConfigurationList section */
	};
	rootObject = C217F20B20CAFDE200C18F82 /* Project object */;
}
